
Microsoft Visual Studio Solution File, Format Version 12.00
# Visual Studio Version 17
VisualStudioVersion = 17.10.35013.160
MinimumVisualStudioVersion = 10.0.40219.1
Project("{FAE04EC0-301F-11D3-BF4B-00C04F79EFBC}") = "WcfService_Calculator", "WcfService_Calculator\WcfService_Calculator.csproj", "{76BEB78E-A95C-4197-A3AD-AF83C90721B1}"
EndProject
Global
	GlobalSection(SolutionConfigurationPlatforms) = preSolution
		Debug|Any CPU = Debug|Any CPU
		Release|Any CPU = Release|Any CPU
	EndGlobalSection
	GlobalSection(ProjectConfigurationPlatforms) = postSolution
		{76BEB78E-A95C-4197-A3AD-AF83C90721B1}.Debug|Any CPU.ActiveCfg = Debug|Any CPU
		{76BEB78E-A95C-4197-A3AD-AF83C90721B1}.Debug|Any CPU.Build.0 = Debug|Any CPU
		{76BEB78E-A95C-4197-A3AD-AF83C90721B1}.Release|Any CPU.ActiveCfg = Release|Any CPU
		{76BEB78E-A95C-4197-A3AD-AF83C90721B1}.Release|Any CPU.Build.0 = Release|Any CPU
	EndGlobalSection
	GlobalSection(SolutionProperties) = preSolution
		HideSolutionNode = FALSE
	EndGlobalSection
	GlobalSection(ExtensibilityGlobals) = postSolution
		SolutionGuid = {EA226AD0-EE0B-4913-A1C0-53BA2B6E99C4}
	EndGlobalSection
EndGlobal
